
Microsoft Visual Studio Solution File, Format Version 12.00
# Visual Studio Version 17
VisualStudioVersion = 17.5.002.0
MinimumVisualStudioVersion = 10.0.40219.1
Project("{9A19103F-16F7-4668-BE54-9A1E7A4F7556}") = "iwell", "iwell.csproj", "{A52B7A71-794E-433C-8EB1-56636D2E3D63}"
EndProject
Global
	GlobalSection(SolutionConfigurationPlatforms) = preSolution
		Debug|Any CPU = Debug|Any CPU
		Release|Any CPU = Release|Any CPU
	EndGlobalSection
	GlobalSection(ProjectConfigurationPlatforms) = postSolution
		{A52B7A71-794E-433C-8EB1-56636D2E3D63}.Debug|Any CPU.ActiveCfg = Debug|Any CPU
		{A52B7A71-794E-433C-8EB1-56636D2E3D63}.Debug|Any CPU.Build.0 = Debug|Any CPU
		{A52B7A71-794E-433C-8EB1-56636D2E3D63}.Release|Any CPU.ActiveCfg = Release|Any CPU
		{A52B7A71-794E-433C-8EB1-56636D2E3D63}.Release|Any CPU.Build.0 = Release|Any CPU
	EndGlobalSection
	GlobalSection(SolutionProperties) = preSolution
		HideSolutionNode = FALSE
	EndGlobalSection
	GlobalSection(ExtensibilityGlobals) = postSolution
		SolutionGuid = {D02BCCA2-7FF2-4C78-B457-3C07360873E1}
	EndGlobalSection
EndGlobal
